
Microsoft Visual Studio Solution File, Format Version 12.00
# Visual Studio 14
VisualStudioVersion = 14.0.23107.0
MinimumVisualStudioVersion = 10.0.40219.1
Project("{2150E333-8FDC-42A3-9474-1A3956D46DE8}") = "Externals", "Externals", "{7859E236-ED49-482B-B325-C5EEFE650C14}"
	ProjectSection(SolutionItems) = preProject
		Externals\Skybrud.Social.Microsoft.dll = Externals\Skybrud.Social.Microsoft.dll
	EndProjectSection
EndProject
Project("{FAE04EC0-301F-11D3-BF4B-00C04F79EFBC}") = "MVCForum.Website", "MVCForum.Website\MVCForum.Website.csproj", "{C149AEDE-0F7A-46A5-B9D4-95ED7B775DE2}"
EndProject
Project("{FAE04EC0-301F-11D3-BF4B-00C04F79EFBC}") = "MVCForum.Domain", "MVCForum.Core\MVCForum.Domain.csproj", "{20AD3D3C-153E-47AC-BA9C-3E4DB876990E}"
EndProject
Project("{FAE04EC0-301F-11D3-BF4B-00C04F79EFBC}") = "MVCForum.Services", "MVCForum.Services\MVCForum.Services.csproj", "{14A002FB-9CCC-452A-A780-B322908CD45A}"
EndProject
Project("{FAE04EC0-301F-11D3-BF4B-00C04F79EFBC}") = "MVCForum.IOC", "MVCForum.IOC\MVCForum.IOC.csproj", "{B3A94898-2420-4FC0-8774-147FDE3B13B2}"
EndProject
Project("{FAE04EC0-301F-11D3-BF4B-00C04F79EFBC}") = "MVCForum.Utilities", "MVCForum.Utilities\MVCForum.Utilities.csproj", "{D0CE5E27-041D-4F1E-8C8C-5F4888C72155}"
EndProject
Project("{2150E333-8FDC-42A3-9474-1A3956D46DE8}") = "MVCForum.Badges", "MVCForum.Badges", "{3E6DC3D5-3152-415C-B25B-FDF79EF45A7C}"
EndProject
Project("{FAE04EC0-301F-11D3-BF4B-00C04F79EFBC}") = "Badge.AuthorMarkAsSolution", "MVCForum.Badges\Badge.AuthorMarkAsSolution\Badge.AuthorMarkAsSolution.csproj", "{C90E299C-58D3-4AFA-90B8-CB39AA4A1E99}"
EndProject
Project("{FAE04EC0-301F-11D3-BF4B-00C04F79EFBC}") = "Badge.MemberForAYear", "MVCForum.Badges\Badge.MemberForAYear\Badge.MemberForAYear.csproj", "{168911C2-86D0-4E12-A675-7A035BAB9DD0}"
EndProject
Project("{FAE04EC0-301F-11D3-BF4B-00C04F79EFBC}") = "Badge.ThousandPoints", "MVCForum.Badges\Badge.ThousandPoints\Badge.ThousandPoints.csproj", "{BA3AC605-745E-4DE4-A1BD-08F6D63757DB}"
EndProject
Project("{FAE04EC0-301F-11D3-BF4B-00C04F79EFBC}") = "Badge.Photogenic", "MVCForum.Badges\Badge.Photogenic\Badge.Photogenic.csproj", "{23F1A8BC-856A-4F67-AE6B-1A79230C5C3C}"
EndProject
Project("{FAE04EC0-301F-11D3-BF4B-00C04F79EFBC}") = "Badge.PosterMarkAsSolution", "MVCForum.Badges\Badge.PosterMarkAsSolution\Badge.PosterMarkAsSolution.csproj", "{9CA6FD3E-67B3-456B-B6F5-38C04E18259F}"
EndProject
Project("{FAE04EC0-301F-11D3-BF4B-00C04F79EFBC}") = "Badge.PosterVoteUp", "MVCForum.Badges\Badge.PosterVoteUp\Badge.PosterVoteUp.csproj", "{327A7FEB-AEFE-47D9-AA0F-C08835E26A3A}"
EndProject
Project("{FAE04EC0-301F-11D3-BF4B-00C04F79EFBC}") = "Badge.UserVoteUp", "MVCForum.Badges\Badge.UserVoteUp\Badge.UserVoteUp.csproj", "{ABE6051B-56D8-4867-84DF-43B6AD04A562}"
EndProject
Project("{2150E333-8FDC-42A3-9474-1A3956D46DE8}") = ".nuget", ".nuget", "{162E9BD7-CEAF-4FB7-B72F-CC254626D1FC}"
	ProjectSection(SolutionItems) = preProject
		.nuget\NuGet.Config = .nuget\NuGet.Config
		.nuget\NuGet.exe = .nuget\NuGet.exe
		.nuget\NuGet.targets = .nuget\NuGet.targets
	EndProjectSection
EndProject
Project("{FAE04EC0-301F-11D3-BF4B-00C04F79EFBC}") = "MVCForum.NuGet", "MVCForum.NuGet\MVCForum.NuGet.csproj", "{0451BAEF-DF2E-4B98-8644-94EE9415E389}"
EndProject
Project("{FAE04EC0-301F-11D3-BF4B-00C04F79EFBC}") = "Badge.FavouriteFirstPost", "MVCForum.Badges\Badge.FavouriteFirstPost\Badge.FavouriteFirstPost.csproj", "{9C923D92-4963-44FE-B75B-0A8AAAB9B689}"
EndProject
Project("{FAE04EC0-301F-11D3-BF4B-00C04F79EFBC}") = "Badge.YourPostFavourited", "MVCForum.Badges\Badge.YourPostFavourited\Badge.YourPostFavourited.csproj", "{47D979DB-08A8-4C44-B21F-4B738E8334A2}"
EndProject
Project("{FAE04EC0-301F-11D3-BF4B-00C04F79EFBC}") = "Badge.YourPostFavouritedTenTimes", "MVCForum.Badges\Badge.YourPostFavouritedTenTimes\Badge.YourPostFavouritedTenTimes.csproj", "{097883D7-6C3E-4944-B2D8-A9CC8A9356F4}"
EndProject
Project("{2150E333-8FDC-42A3-9474-1A3956D46DE8}") = "Docs", "Docs", "{A1510FC4-74FA-4673-B04F-4BBABE8D7151}"
	ProjectSection(SolutionItems) = preProject
		readme.md = readme.md
	EndProjectSection
EndProject
Project("{FAE04EC0-301F-11D3-BF4B-00C04F79EFBC}") = "Badge.AderantGuru", "MVCForum.Badges\Badge.AderantGuru\Badge.AderantGuru.csproj", "{23007AF3-C9E3-48EB-836F-F2B91170DCA4}"
EndProject
Project("{FAE04EC0-301F-11D3-BF4B-00C04F79EFBC}") = "Badge.AderantMaster", "MVCForum.Badges\Badge.AderantMaster\Badge.AderantMaster.csproj", "{AA61E157-F4E8-4915-853E-AC9B0DB022D2}"
EndProject
Project("{FAE04EC0-301F-11D3-BF4B-00C04F79EFBC}") = "Badge.MemberFor5Years", "MVCForum.Badges\Badge.MemberFor5Years\Badge.MemberFor5Years.csproj", "{A3270450-D893-4707-AF45-2A9EF6E45684}"
EndProject
Project("{FAE04EC0-301F-11D3-BF4B-00C04F79EFBC}") = "Badge.MemberFor10Years", "MVCForum.Badges\Badge.MemberFor10Years\Badge.MemberFor10Years.csproj", "{0BDDA366-D734-40DB-90A8-FDC0EC52B20F}"
EndProject
Project("{FAE04EC0-301F-11D3-BF4B-00C04F79EFBC}") = "Badge.MemberFor15Years", "MVCForum.Badges\Badge.MemberFor15Years\Badge.MemberFor15Years.csproj", "{C0BA5DB3-1E1D-4F1F-B09D-6790CAEEA4DC}"
EndProject
Project("{FAE04EC0-301F-11D3-BF4B-00C04F79EFBC}") = "Badge.MemberFor20Years", "MVCForum.Badges\Badge.MemberFor20Years\Badge.MemberFor20Years.csproj", "{90B74F54-3533-4AA7-A520-DD058B3B6D76}"
EndProject
Project("{FAE04EC0-301F-11D3-BF4B-00C04F79EFBC}") = "Badge.MemberFor25Years", "MVCForum.Badges\Badge.MemberFor25Years\Badge.MemberFor25Years.csproj", "{E68C6573-8F75-45C3-B9B5-0BCFA2B94A32}"
EndProject
Project("{FAE04EC0-301F-11D3-BF4B-00C04F79EFBC}") = "Badge.PostMentionsAEUC", "MVCForum.Badges\Badge.PostMentionsAEUC\Badge.PostMentionsAEUC.csproj", "{E9B1C3DF-0B3C-401F-9C4F-CA65604CF35E}"
EndProject
Global
	GlobalSection(SolutionConfigurationPlatforms) = preSolution
		Debug|Any CPU = Debug|Any CPU
		Debug|Mixed Platforms = Debug|Mixed Platforms
		Debug|x86 = Debug|x86
		Release|Any CPU = Release|Any CPU
		Release|Mixed Platforms = Release|Mixed Platforms
		Release|x86 = Release|x86
	EndGlobalSection
	GlobalSection(ProjectConfigurationPlatforms) = postSolution
		{C149AEDE-0F7A-46A5-B9D4-95ED7B775DE2}.Debug|Any CPU.ActiveCfg = Debug|Any CPU
		{C149AEDE-0F7A-46A5-B9D4-95ED7B775DE2}.Debug|Any CPU.Build.0 = Debug|Any CPU
		{C149AEDE-0F7A-46A5-B9D4-95ED7B775DE2}.Debug|Mixed Platforms.ActiveCfg = Release|Any CPU
		{C149AEDE-0F7A-46A5-B9D4-95ED7B775DE2}.Debug|Mixed Platforms.Build.0 = Release|Any CPU
		{C149AEDE-0F7A-46A5-B9D4-95ED7B775DE2}.Debug|x86.ActiveCfg = Debug|Any CPU
		{C149AEDE-0F7A-46A5-B9D4-95ED7B775DE2}.Release|Any CPU.ActiveCfg = Release|Any CPU
		{C149AEDE-0F7A-46A5-B9D4-95ED7B775DE2}.Release|Any CPU.Build.0 = Release|Any CPU
		{C149AEDE-0F7A-46A5-B9D4-95ED7B775DE2}.Release|Mixed Platforms.ActiveCfg = Release|Any CPU
		{C149AEDE-0F7A-46A5-B9D4-95ED7B775DE2}.Release|Mixed Platforms.Build.0 = Release|Any CPU
		{C149AEDE-0F7A-46A5-B9D4-95ED7B775DE2}.Release|x86.ActiveCfg = Release|Any CPU
		{20AD3D3C-153E-47AC-BA9C-3E4DB876990E}.Debug|Any CPU.ActiveCfg = Debug|Any CPU
		{20AD3D3C-153E-47AC-BA9C-3E4DB876990E}.Debug|Any CPU.Build.0 = Debug|Any CPU
		{20AD3D3C-153E-47AC-BA9C-3E4DB876990E}.Debug|Mixed Platforms.ActiveCfg = Release|Any CPU
		{20AD3D3C-153E-47AC-BA9C-3E4DB876990E}.Debug|Mixed Platforms.Build.0 = Release|Any CPU
		{20AD3D3C-153E-47AC-BA9C-3E4DB876990E}.Debug|x86.ActiveCfg = Debug|Any CPU
		{20AD3D3C-153E-47AC-BA9C-3E4DB876990E}.Release|Any CPU.ActiveCfg = Release|Any CPU
		{20AD3D3C-153E-47AC-BA9C-3E4DB876990E}.Release|Any CPU.Build.0 = Release|Any CPU
		{20AD3D3C-153E-47AC-BA9C-3E4DB876990E}.Release|Mixed Platforms.ActiveCfg = Release|Any CPU
		{20AD3D3C-153E-47AC-BA9C-3E4DB876990E}.Release|Mixed Platforms.Build.0 = Release|Any CPU
		{20AD3D3C-153E-47AC-BA9C-3E4DB876990E}.Release|x86.ActiveCfg = Release|Any CPU
		{14A002FB-9CCC-452A-A780-B322908CD45A}.Debug|Any CPU.ActiveCfg = Debug|Any CPU
		{14A002FB-9CCC-452A-A780-B322908CD45A}.Debug|Any CPU.Build.0 = Debug|Any CPU
		{14A002FB-9CCC-452A-A780-B322908CD45A}.Debug|Mixed Platforms.ActiveCfg = Release|Any CPU
		{14A002FB-9CCC-452A-A780-B322908CD45A}.Debug|Mixed Platforms.Build.0 = Release|Any CPU
		{14A002FB-9CCC-452A-A780-B322908CD45A}.Debug|x86.ActiveCfg = Debug|Any CPU
		{14A002FB-9CCC-452A-A780-B322908CD45A}.Release|Any CPU.ActiveCfg = Release|Any CPU
		{14A002FB-9CCC-452A-A780-B322908CD45A}.Release|Any CPU.Build.0 = Release|Any CPU
		{14A002FB-9CCC-452A-A780-B322908CD45A}.Release|Mixed Platforms.ActiveCfg = Release|Any CPU
		{14A002FB-9CCC-452A-A780-B322908CD45A}.Release|Mixed Platforms.Build.0 = Release|Any CPU
		{14A002FB-9CCC-452A-A780-B322908CD45A}.Release|x86.ActiveCfg = Release|Any CPU
		{B3A94898-2420-4FC0-8774-147FDE3B13B2}.Debug|Any CPU.ActiveCfg = Debug|Any CPU
		{B3A94898-2420-4FC0-8774-147FDE3B13B2}.Debug|Any CPU.Build.0 = Debug|Any CPU
		{B3A94898-2420-4FC0-8774-147FDE3B13B2}.Debug|Mixed Platforms.ActiveCfg = Release|Any CPU
		{B3A94898-2420-4FC0-8774-147FDE3B13B2}.Debug|Mixed Platforms.Build.0 = Release|Any CPU
		{B3A94898-2420-4FC0-8774-147FDE3B13B2}.Debug|x86.ActiveCfg = Debug|Any CPU
		{B3A94898-2420-4FC0-8774-147FDE3B13B2}.Release|Any CPU.ActiveCfg = Release|Any CPU
		{B3A94898-2420-4FC0-8774-147FDE3B13B2}.Release|Any CPU.Build.0 = Release|Any CPU
		{B3A94898-2420-4FC0-8774-147FDE3B13B2}.Release|Mixed Platforms.ActiveCfg = Release|Any CPU
		{B3A94898-2420-4FC0-8774-147FDE3B13B2}.Release|Mixed Platforms.Build.0 = Release|Any CPU
		{B3A94898-2420-4FC0-8774-147FDE3B13B2}.Release|x86.ActiveCfg = Release|Any CPU
		{D0CE5E27-041D-4F1E-8C8C-5F4888C72155}.Debug|Any CPU.ActiveCfg = Debug|Any CPU
		{D0CE5E27-041D-4F1E-8C8C-5F4888C72155}.Debug|Any CPU.Build.0 = Debug|Any CPU
		{D0CE5E27-041D-4F1E-8C8C-5F4888C72155}.Debug|Mixed Platforms.ActiveCfg = Release|Any CPU
		{D0CE5E27-041D-4F1E-8C8C-5F4888C72155}.Debug|Mixed Platforms.Build.0 = Release|Any CPU
		{D0CE5E27-041D-4F1E-8C8C-5F4888C72155}.Debug|x86.ActiveCfg = Debug|Any CPU
		{D0CE5E27-041D-4F1E-8C8C-5F4888C72155}.Release|Any CPU.ActiveCfg = Release|Any CPU
		{D0CE5E27-041D-4F1E-8C8C-5F4888C72155}.Release|Any CPU.Build.0 = Release|Any CPU
		{D0CE5E27-041D-4F1E-8C8C-5F4888C72155}.Release|Mixed Platforms.ActiveCfg = Release|Any CPU
		{D0CE5E27-041D-4F1E-8C8C-5F4888C72155}.Release|Mixed Platforms.Build.0 = Release|Any CPU
		{D0CE5E27-041D-4F1E-8C8C-5F4888C72155}.Release|x86.ActiveCfg = Release|Any CPU
		{C90E299C-58D3-4AFA-90B8-CB39AA4A1E99}.Debug|Any CPU.ActiveCfg = Debug|Any CPU
		{C90E299C-58D3-4AFA-90B8-CB39AA4A1E99}.Debug|Any CPU.Build.0 = Debug|Any CPU
		{C90E299C-58D3-4AFA-90B8-CB39AA4A1E99}.Debug|Mixed Platforms.ActiveCfg = Release|Any CPU
		{C90E299C-58D3-4AFA-90B8-CB39AA4A1E99}.Debug|Mixed Platforms.Build.0 = Release|Any CPU
		{C90E299C-58D3-4AFA-90B8-CB39AA4A1E99}.Debug|x86.ActiveCfg = Debug|Any CPU
		{C90E299C-58D3-4AFA-90B8-CB39AA4A1E99}.Release|Any CPU.ActiveCfg = Release|Any CPU
		{C90E299C-58D3-4AFA-90B8-CB39AA4A1E99}.Release|Any CPU.Build.0 = Release|Any CPU
		{C90E299C-58D3-4AFA-90B8-CB39AA4A1E99}.Release|Mixed Platforms.ActiveCfg = Release|Any CPU
		{C90E299C-58D3-4AFA-90B8-CB39AA4A1E99}.Release|Mixed Platforms.Build.0 = Release|Any CPU
		{C90E299C-58D3-4AFA-90B8-CB39AA4A1E99}.Release|x86.ActiveCfg = Release|Any CPU
		{168911C2-86D0-4E12-A675-7A035BAB9DD0}.Debug|Any CPU.ActiveCfg = Debug|Any CPU
		{168911C2-86D0-4E12-A675-7A035BAB9DD0}.Debug|Any CPU.Build.0 = Debug|Any CPU
		{168911C2-86D0-4E12-A675-7A035BAB9DD0}.Debug|Mixed Platforms.ActiveCfg = Release|Any CPU
		{168911C2-86D0-4E12-A675-7A035BAB9DD0}.Debug|Mixed Platforms.Build.0 = Release|Any CPU
		{168911C2-86D0-4E12-A675-7A035BAB9DD0}.Debug|x86.ActiveCfg = Debug|Any CPU
		{168911C2-86D0-4E12-A675-7A035BAB9DD0}.Release|Any CPU.ActiveCfg = Release|Any CPU
		{168911C2-86D0-4E12-A675-7A035BAB9DD0}.Release|Any CPU.Build.0 = Release|Any CPU
		{168911C2-86D0-4E12-A675-7A035BAB9DD0}.Release|Mixed Platforms.ActiveCfg = Release|Any CPU
		{168911C2-86D0-4E12-A675-7A035BAB9DD0}.Release|Mixed Platforms.Build.0 = Release|Any CPU
		{168911C2-86D0-4E12-A675-7A035BAB9DD0}.Release|x86.ActiveCfg = Release|Any CPU
		{BA3AC605-745E-4DE4-A1BD-08F6D63757DB}.Debug|Any CPU.ActiveCfg = Debug|Any CPU
		{BA3AC605-745E-4DE4-A1BD-08F6D63757DB}.Debug|Any CPU.Build.0 = Debug|Any CPU
		{BA3AC605-745E-4DE4-A1BD-08F6D63757DB}.Debug|Mixed Platforms.ActiveCfg = Release|Any CPU
		{BA3AC605-745E-4DE4-A1BD-08F6D63757DB}.Debug|Mixed Platforms.Build.0 = Release|Any CPU
		{BA3AC605-745E-4DE4-A1BD-08F6D63757DB}.Debug|x86.ActiveCfg = Debug|Any CPU
		{BA3AC605-745E-4DE4-A1BD-08F6D63757DB}.Release|Any CPU.ActiveCfg = Release|Any CPU
		{BA3AC605-745E-4DE4-A1BD-08F6D63757DB}.Release|Any CPU.Build.0 = Release|Any CPU
		{BA3AC605-745E-4DE4-A1BD-08F6D63757DB}.Release|Mixed Platforms.ActiveCfg = Release|Any CPU
		{BA3AC605-745E-4DE4-A1BD-08F6D63757DB}.Release|Mixed Platforms.Build.0 = Release|Any CPU
		{BA3AC605-745E-4DE4-A1BD-08F6D63757DB}.Release|x86.ActiveCfg = Release|Any CPU
		{23F1A8BC-856A-4F67-AE6B-1A79230C5C3C}.Debug|Any CPU.ActiveCfg = Debug|Any CPU
		{23F1A8BC-856A-4F67-AE6B-1A79230C5C3C}.Debug|Any CPU.Build.0 = Debug|Any CPU
		{23F1A8BC-856A-4F67-AE6B-1A79230C5C3C}.Debug|Mixed Platforms.ActiveCfg = Release|Any CPU
		{23F1A8BC-856A-4F67-AE6B-1A79230C5C3C}.Debug|Mixed Platforms.Build.0 = Release|Any CPU
		{23F1A8BC-856A-4F67-AE6B-1A79230C5C3C}.Debug|x86.ActiveCfg = Debug|Any CPU
		{23F1A8BC-856A-4F67-AE6B-1A79230C5C3C}.Release|Any CPU.ActiveCfg = Release|Any CPU
		{23F1A8BC-856A-4F67-AE6B-1A79230C5C3C}.Release|Any CPU.Build.0 = Release|Any CPU
		{23F1A8BC-856A-4F67-AE6B-1A79230C5C3C}.Release|Mixed Platforms.ActiveCfg = Release|Any CPU
		{23F1A8BC-856A-4F67-AE6B-1A79230C5C3C}.Release|Mixed Platforms.Build.0 = Release|Any CPU
		{23F1A8BC-856A-4F67-AE6B-1A79230C5C3C}.Release|x86.ActiveCfg = Release|Any CPU
		{9CA6FD3E-67B3-456B-B6F5-38C04E18259F}.Debug|Any CPU.ActiveCfg = Debug|Any CPU
		{9CA6FD3E-67B3-456B-B6F5-38C04E18259F}.Debug|Any CPU.Build.0 = Debug|Any CPU
		{9CA6FD3E-67B3-456B-B6F5-38C04E18259F}.Debug|Mixed Platforms.ActiveCfg = Release|Any CPU
		{9CA6FD3E-67B3-456B-B6F5-38C04E18259F}.Debug|Mixed Platforms.Build.0 = Release|Any CPU
		{9CA6FD3E-67B3-456B-B6F5-38C04E18259F}.Debug|x86.ActiveCfg = Debug|Any CPU
		{9CA6FD3E-67B3-456B-B6F5-38C04E18259F}.Release|Any CPU.ActiveCfg = Release|Any CPU
		{9CA6FD3E-67B3-456B-B6F5-38C04E18259F}.Release|Any CPU.Build.0 = Release|Any CPU
		{9CA6FD3E-67B3-456B-B6F5-38C04E18259F}.Release|Mixed Platforms.ActiveCfg = Release|Any CPU
		{9CA6FD3E-67B3-456B-B6F5-38C04E18259F}.Release|Mixed Platforms.Build.0 = Release|Any CPU
		{9CA6FD3E-67B3-456B-B6F5-38C04E18259F}.Release|x86.ActiveCfg = Release|Any CPU
		{327A7FEB-AEFE-47D9-AA0F-C08835E26A3A}.Debug|Any CPU.ActiveCfg = Debug|Any CPU
		{327A7FEB-AEFE-47D9-AA0F-C08835E26A3A}.Debug|Any CPU.Build.0 = Debug|Any CPU
		{327A7FEB-AEFE-47D9-AA0F-C08835E26A3A}.Debug|Mixed Platforms.ActiveCfg = Release|Any CPU
		{327A7FEB-AEFE-47D9-AA0F-C08835E26A3A}.Debug|Mixed Platforms.Build.0 = Release|Any CPU
		{327A7FEB-AEFE-47D9-AA0F-C08835E26A3A}.Debug|x86.ActiveCfg = Debug|Any CPU
		{327A7FEB-AEFE-47D9-AA0F-C08835E26A3A}.Release|Any CPU.ActiveCfg = Release|Any CPU
		{327A7FEB-AEFE-47D9-AA0F-C08835E26A3A}.Release|Any CPU.Build.0 = Release|Any CPU
		{327A7FEB-AEFE-47D9-AA0F-C08835E26A3A}.Release|Mixed Platforms.ActiveCfg = Release|Any CPU
		{327A7FEB-AEFE-47D9-AA0F-C08835E26A3A}.Release|Mixed Platforms.Build.0 = Release|Any CPU
		{327A7FEB-AEFE-47D9-AA0F-C08835E26A3A}.Release|x86.ActiveCfg = Release|Any CPU
		{ABE6051B-56D8-4867-84DF-43B6AD04A562}.Debug|Any CPU.ActiveCfg = Debug|Any CPU
		{ABE6051B-56D8-4867-84DF-43B6AD04A562}.Debug|Any CPU.Build.0 = Debug|Any CPU
		{ABE6051B-56D8-4867-84DF-43B6AD04A562}.Debug|Mixed Platforms.ActiveCfg = Release|Any CPU
		{ABE6051B-56D8-4867-84DF-43B6AD04A562}.Debug|Mixed Platforms.Build.0 = Release|Any CPU
		{ABE6051B-56D8-4867-84DF-43B6AD04A562}.Debug|x86.ActiveCfg = Debug|Any CPU
		{ABE6051B-56D8-4867-84DF-43B6AD04A562}.Release|Any CPU.ActiveCfg = Release|Any CPU
		{ABE6051B-56D8-4867-84DF-43B6AD04A562}.Release|Any CPU.Build.0 = Release|Any CPU
		{ABE6051B-56D8-4867-84DF-43B6AD04A562}.Release|Mixed Platforms.ActiveCfg = Release|Any CPU
		{ABE6051B-56D8-4867-84DF-43B6AD04A562}.Release|Mixed Platforms.Build.0 = Release|Any CPU
		{ABE6051B-56D8-4867-84DF-43B6AD04A562}.Release|x86.ActiveCfg = Release|Any CPU
		{0451BAEF-DF2E-4B98-8644-94EE9415E389}.Debug|Any CPU.ActiveCfg = Debug|Any CPU
		{0451BAEF-DF2E-4B98-8644-94EE9415E389}.Debug|Mixed Platforms.ActiveCfg = Release|Any CPU
		{0451BAEF-DF2E-4B98-8644-94EE9415E389}.Debug|x86.ActiveCfg = Debug|Any CPU
		{0451BAEF-DF2E-4B98-8644-94EE9415E389}.Release|Any CPU.ActiveCfg = Release|Any CPU
		{0451BAEF-DF2E-4B98-8644-94EE9415E389}.Release|Mixed Platforms.ActiveCfg = Release|Any CPU
		{0451BAEF-DF2E-4B98-8644-94EE9415E389}.Release|x86.ActiveCfg = Release|Any CPU
		{9C923D92-4963-44FE-B75B-0A8AAAB9B689}.Debug|Any CPU.ActiveCfg = Debug|Any CPU
		{9C923D92-4963-44FE-B75B-0A8AAAB9B689}.Debug|Any CPU.Build.0 = Debug|Any CPU
		{9C923D92-4963-44FE-B75B-0A8AAAB9B689}.Debug|Mixed Platforms.ActiveCfg = Debug|Any CPU
		{9C923D92-4963-44FE-B75B-0A8AAAB9B689}.Debug|Mixed Platforms.Build.0 = Debug|Any CPU
		{9C923D92-4963-44FE-B75B-0A8AAAB9B689}.Debug|x86.ActiveCfg = Debug|Any CPU
		{9C923D92-4963-44FE-B75B-0A8AAAB9B689}.Release|Any CPU.ActiveCfg = Release|Any CPU
		{9C923D92-4963-44FE-B75B-0A8AAAB9B689}.Release|Any CPU.Build.0 = Release|Any CPU
		{9C923D92-4963-44FE-B75B-0A8AAAB9B689}.Release|Mixed Platforms.ActiveCfg = Release|Any CPU
		{9C923D92-4963-44FE-B75B-0A8AAAB9B689}.Release|Mixed Platforms.Build.0 = Release|Any CPU
		{9C923D92-4963-44FE-B75B-0A8AAAB9B689}.Release|x86.ActiveCfg = Release|Any CPU
		{47D979DB-08A8-4C44-B21F-4B738E8334A2}.Debug|Any CPU.ActiveCfg = Debug|Any CPU
		{47D979DB-08A8-4C44-B21F-4B738E8334A2}.Debug|Any CPU.Build.0 = Debug|Any CPU
		{47D979DB-08A8-4C44-B21F-4B738E8334A2}.Debug|Mixed Platforms.ActiveCfg = Debug|Any CPU
		{47D979DB-08A8-4C44-B21F-4B738E8334A2}.Debug|Mixed Platforms.Build.0 = Debug|Any CPU
		{47D979DB-08A8-4C44-B21F-4B738E8334A2}.Debug|x86.ActiveCfg = Debug|Any CPU
		{47D979DB-08A8-4C44-B21F-4B738E8334A2}.Release|Any CPU.ActiveCfg = Release|Any CPU
		{47D979DB-08A8-4C44-B21F-4B738E8334A2}.Release|Any CPU.Build.0 = Release|Any CPU
		{47D979DB-08A8-4C44-B21F-4B738E8334A2}.Release|Mixed Platforms.ActiveCfg = Release|Any CPU
		{47D979DB-08A8-4C44-B21F-4B738E8334A2}.Release|Mixed Platforms.Build.0 = Release|Any CPU
		{47D979DB-08A8-4C44-B21F-4B738E8334A2}.Release|x86.ActiveCfg = Release|Any CPU
		{097883D7-6C3E-4944-B2D8-A9CC8A9356F4}.Debug|Any CPU.ActiveCfg = Debug|Any CPU
		{097883D7-6C3E-4944-B2D8-A9CC8A9356F4}.Debug|Any CPU.Build.0 = Debug|Any CPU
		{097883D7-6C3E-4944-B2D8-A9CC8A9356F4}.Debug|Mixed Platforms.ActiveCfg = Debug|Any CPU
		{097883D7-6C3E-4944-B2D8-A9CC8A9356F4}.Debug|Mixed Platforms.Build.0 = Debug|Any CPU
		{097883D7-6C3E-4944-B2D8-A9CC8A9356F4}.Debug|x86.ActiveCfg = Debug|Any CPU
		{097883D7-6C3E-4944-B2D8-A9CC8A9356F4}.Release|Any CPU.ActiveCfg = Release|Any CPU
		{097883D7-6C3E-4944-B2D8-A9CC8A9356F4}.Release|Any CPU.Build.0 = Release|Any CPU
		{097883D7-6C3E-4944-B2D8-A9CC8A9356F4}.Release|Mixed Platforms.ActiveCfg = Release|Any CPU
		{097883D7-6C3E-4944-B2D8-A9CC8A9356F4}.Release|Mixed Platforms.Build.0 = Release|Any CPU
		{097883D7-6C3E-4944-B2D8-A9CC8A9356F4}.Release|x86.ActiveCfg = Release|Any CPU
		{23007AF3-C9E3-48EB-836F-F2B91170DCA4}.Debug|Any CPU.ActiveCfg = Debug|Any CPU
		{23007AF3-C9E3-48EB-836F-F2B91170DCA4}.Debug|Any CPU.Build.0 = Debug|Any CPU
		{23007AF3-C9E3-48EB-836F-F2B91170DCA4}.Debug|Mixed Platforms.ActiveCfg = Debug|Any CPU
		{23007AF3-C9E3-48EB-836F-F2B91170DCA4}.Debug|Mixed Platforms.Build.0 = Debug|Any CPU
		{23007AF3-C9E3-48EB-836F-F2B91170DCA4}.Debug|x86.ActiveCfg = Debug|Any CPU
		{23007AF3-C9E3-48EB-836F-F2B91170DCA4}.Debug|x86.Build.0 = Debug|Any CPU
		{23007AF3-C9E3-48EB-836F-F2B91170DCA4}.Release|Any CPU.ActiveCfg = Release|Any CPU
		{23007AF3-C9E3-48EB-836F-F2B91170DCA4}.Release|Any CPU.Build.0 = Release|Any CPU
		{23007AF3-C9E3-48EB-836F-F2B91170DCA4}.Release|Mixed Platforms.ActiveCfg = Release|Any CPU
		{23007AF3-C9E3-48EB-836F-F2B91170DCA4}.Release|Mixed Platforms.Build.0 = Release|Any CPU
		{23007AF3-C9E3-48EB-836F-F2B91170DCA4}.Release|x86.ActiveCfg = Release|Any CPU
		{23007AF3-C9E3-48EB-836F-F2B91170DCA4}.Release|x86.Build.0 = Release|Any CPU
		{AA61E157-F4E8-4915-853E-AC9B0DB022D2}.Debug|Any CPU.ActiveCfg = Debug|Any CPU
		{AA61E157-F4E8-4915-853E-AC9B0DB022D2}.Debug|Any CPU.Build.0 = Debug|Any CPU
		{AA61E157-F4E8-4915-853E-AC9B0DB022D2}.Debug|Mixed Platforms.ActiveCfg = Debug|Any CPU
		{AA61E157-F4E8-4915-853E-AC9B0DB022D2}.Debug|Mixed Platforms.Build.0 = Debug|Any CPU
		{AA61E157-F4E8-4915-853E-AC9B0DB022D2}.Debug|x86.ActiveCfg = Debug|Any CPU
		{AA61E157-F4E8-4915-853E-AC9B0DB022D2}.Debug|x86.Build.0 = Debug|Any CPU
		{AA61E157-F4E8-4915-853E-AC9B0DB022D2}.Release|Any CPU.ActiveCfg = Release|Any CPU
		{AA61E157-F4E8-4915-853E-AC9B0DB022D2}.Release|Any CPU.Build.0 = Release|Any CPU
		{AA61E157-F4E8-4915-853E-AC9B0DB022D2}.Release|Mixed Platforms.ActiveCfg = Release|Any CPU
		{AA61E157-F4E8-4915-853E-AC9B0DB022D2}.Release|Mixed Platforms.Build.0 = Release|Any CPU
		{AA61E157-F4E8-4915-853E-AC9B0DB022D2}.Release|x86.ActiveCfg = Release|Any CPU
		{AA61E157-F4E8-4915-853E-AC9B0DB022D2}.Release|x86.Build.0 = Release|Any CPU
		{A3270450-D893-4707-AF45-2A9EF6E45684}.Debug|Any CPU.ActiveCfg = Debug|Any CPU
		{A3270450-D893-4707-AF45-2A9EF6E45684}.Debug|Any CPU.Build.0 = Debug|Any CPU
		{A3270450-D893-4707-AF45-2A9EF6E45684}.Debug|Mixed Platforms.ActiveCfg = Debug|Any CPU
		{A3270450-D893-4707-AF45-2A9EF6E45684}.Debug|Mixed Platforms.Build.0 = Debug|Any CPU
		{A3270450-D893-4707-AF45-2A9EF6E45684}.Debug|x86.ActiveCfg = Debug|Any CPU
		{A3270450-D893-4707-AF45-2A9EF6E45684}.Debug|x86.Build.0 = Debug|Any CPU
		{A3270450-D893-4707-AF45-2A9EF6E45684}.Release|Any CPU.ActiveCfg = Release|Any CPU
		{A3270450-D893-4707-AF45-2A9EF6E45684}.Release|Any CPU.Build.0 = Release|Any CPU
		{A3270450-D893-4707-AF45-2A9EF6E45684}.Release|Mixed Platforms.ActiveCfg = Release|Any CPU
		{A3270450-D893-4707-AF45-2A9EF6E45684}.Release|Mixed Platforms.Build.0 = Release|Any CPU
		{A3270450-D893-4707-AF45-2A9EF6E45684}.Release|x86.ActiveCfg = Release|Any CPU
		{A3270450-D893-4707-AF45-2A9EF6E45684}.Release|x86.Build.0 = Release|Any CPU
		{0BDDA366-D734-40DB-90A8-FDC0EC52B20F}.Debug|Any CPU.ActiveCfg = Debug|Any CPU
		{0BDDA366-D734-40DB-90A8-FDC0EC52B20F}.Debug|Any CPU.Build.0 = Debug|Any CPU
		{0BDDA366-D734-40DB-90A8-FDC0EC52B20F}.Debug|Mixed Platforms.ActiveCfg = Debug|Any CPU
		{0BDDA366-D734-40DB-90A8-FDC0EC52B20F}.Debug|Mixed Platforms.Build.0 = Debug|Any CPU
		{0BDDA366-D734-40DB-90A8-FDC0EC52B20F}.Debug|x86.ActiveCfg = Debug|Any CPU
		{0BDDA366-D734-40DB-90A8-FDC0EC52B20F}.Debug|x86.Build.0 = Debug|Any CPU
		{0BDDA366-D734-40DB-90A8-FDC0EC52B20F}.Release|Any CPU.ActiveCfg = Release|Any CPU
		{0BDDA366-D734-40DB-90A8-FDC0EC52B20F}.Release|Any CPU.Build.0 = Release|Any CPU
		{0BDDA366-D734-40DB-90A8-FDC0EC52B20F}.Release|Mixed Platforms.ActiveCfg = Release|Any CPU
		{0BDDA366-D734-40DB-90A8-FDC0EC52B20F}.Release|Mixed Platforms.Build.0 = Release|Any CPU
		{0BDDA366-D734-40DB-90A8-FDC0EC52B20F}.Release|x86.ActiveCfg = Release|Any CPU
		{0BDDA366-D734-40DB-90A8-FDC0EC52B20F}.Release|x86.Build.0 = Release|Any CPU
		{C0BA5DB3-1E1D-4F1F-B09D-6790CAEEA4DC}.Debug|Any CPU.ActiveCfg = Debug|Any CPU
		{C0BA5DB3-1E1D-4F1F-B09D-6790CAEEA4DC}.Debug|Any CPU.Build.0 = Debug|Any CPU
		{C0BA5DB3-1E1D-4F1F-B09D-6790CAEEA4DC}.Debug|Mixed Platforms.ActiveCfg = Debug|Any CPU
		{C0BA5DB3-1E1D-4F1F-B09D-6790CAEEA4DC}.Debug|Mixed Platforms.Build.0 = Debug|Any CPU
		{C0BA5DB3-1E1D-4F1F-B09D-6790CAEEA4DC}.Debug|x86.ActiveCfg = Debug|Any CPU
		{C0BA5DB3-1E1D-4F1F-B09D-6790CAEEA4DC}.Debug|x86.Build.0 = Debug|Any CPU
		{C0BA5DB3-1E1D-4F1F-B09D-6790CAEEA4DC}.Release|Any CPU.ActiveCfg = Release|Any CPU
		{C0BA5DB3-1E1D-4F1F-B09D-6790CAEEA4DC}.Release|Any CPU.Build.0 = Release|Any CPU
		{C0BA5DB3-1E1D-4F1F-B09D-6790CAEEA4DC}.Release|Mixed Platforms.ActiveCfg = Release|Any CPU
		{C0BA5DB3-1E1D-4F1F-B09D-6790CAEEA4DC}.Release|Mixed Platforms.Build.0 = Release|Any CPU
		{C0BA5DB3-1E1D-4F1F-B09D-6790CAEEA4DC}.Release|x86.ActiveCfg = Release|Any CPU
		{C0BA5DB3-1E1D-4F1F-B09D-6790CAEEA4DC}.Release|x86.Build.0 = Release|Any CPU
		{90B74F54-3533-4AA7-A520-DD058B3B6D76}.Debug|Any CPU.ActiveCfg = Debug|Any CPU
		{90B74F54-3533-4AA7-A520-DD058B3B6D76}.Debug|Any CPU.Build.0 = Debug|Any CPU
		{90B74F54-3533-4AA7-A520-DD058B3B6D76}.Debug|Mixed Platforms.ActiveCfg = Debug|Any CPU
		{90B74F54-3533-4AA7-A520-DD058B3B6D76}.Debug|Mixed Platforms.Build.0 = Debug|Any CPU
		{90B74F54-3533-4AA7-A520-DD058B3B6D76}.Debug|x86.ActiveCfg = Debug|Any CPU
		{90B74F54-3533-4AA7-A520-DD058B3B6D76}.Debug|x86.Build.0 = Debug|Any CPU
		{90B74F54-3533-4AA7-A520-DD058B3B6D76}.Release|Any CPU.ActiveCfg = Release|Any CPU
		{90B74F54-3533-4AA7-A520-DD058B3B6D76}.Release|Any CPU.Build.0 = Release|Any CPU
		{90B74F54-3533-4AA7-A520-DD058B3B6D76}.Release|Mixed Platforms.ActiveCfg = Release|Any CPU
		{90B74F54-3533-4AA7-A520-DD058B3B6D76}.Release|Mixed Platforms.Build.0 = Release|Any CPU
		{90B74F54-3533-4AA7-A520-DD058B3B6D76}.Release|x86.ActiveCfg = Release|Any CPU
		{90B74F54-3533-4AA7-A520-DD058B3B6D76}.Release|x86.Build.0 = Release|Any CPU
		{E68C6573-8F75-45C3-B9B5-0BCFA2B94A32}.Debug|Any CPU.ActiveCfg = Debug|Any CPU
		{E68C6573-8F75-45C3-B9B5-0BCFA2B94A32}.Debug|Any CPU.Build.0 = Debug|Any CPU
		{E68C6573-8F75-45C3-B9B5-0BCFA2B94A32}.Debug|Mixed Platforms.ActiveCfg = Debug|Any CPU
		{E68C6573-8F75-45C3-B9B5-0BCFA2B94A32}.Debug|Mixed Platforms.Build.0 = Debug|Any CPU
		{E68C6573-8F75-45C3-B9B5-0BCFA2B94A32}.Debug|x86.ActiveCfg = Debug|Any CPU
		{E68C6573-8F75-45C3-B9B5-0BCFA2B94A32}.Debug|x86.Build.0 = Debug|Any CPU
		{E68C6573-8F75-45C3-B9B5-0BCFA2B94A32}.Release|Any CPU.ActiveCfg = Release|Any CPU
		{E68C6573-8F75-45C3-B9B5-0BCFA2B94A32}.Release|Any CPU.Build.0 = Release|Any CPU
		{E68C6573-8F75-45C3-B9B5-0BCFA2B94A32}.Release|Mixed Platforms.ActiveCfg = Release|Any CPU
		{E68C6573-8F75-45C3-B9B5-0BCFA2B94A32}.Release|Mixed Platforms.Build.0 = Release|Any CPU
		{E68C6573-8F75-45C3-B9B5-0BCFA2B94A32}.Release|x86.ActiveCfg = Release|Any CPU
		{E68C6573-8F75-45C3-B9B5-0BCFA2B94A32}.Release|x86.Build.0 = Release|Any CPU
		{E9B1C3DF-0B3C-401F-9C4F-CA65604CF35E}.Debug|Any CPU.ActiveCfg = Debug|Any CPU
		{E9B1C3DF-0B3C-401F-9C4F-CA65604CF35E}.Debug|Any CPU.Build.0 = Debug|Any CPU
		{E9B1C3DF-0B3C-401F-9C4F-CA65604CF35E}.Debug|Mixed Platforms.ActiveCfg = Debug|Any CPU
		{E9B1C3DF-0B3C-401F-9C4F-CA65604CF35E}.Debug|Mixed Platforms.Build.0 = Debug|Any CPU
		{E9B1C3DF-0B3C-401F-9C4F-CA65604CF35E}.Debug|x86.ActiveCfg = Debug|Any CPU
		{E9B1C3DF-0B3C-401F-9C4F-CA65604CF35E}.Debug|x86.Build.0 = Debug|Any CPU
		{E9B1C3DF-0B3C-401F-9C4F-CA65604CF35E}.Release|Any CPU.ActiveCfg = Release|Any CPU
		{E9B1C3DF-0B3C-401F-9C4F-CA65604CF35E}.Release|Any CPU.Build.0 = Release|Any CPU
		{E9B1C3DF-0B3C-401F-9C4F-CA65604CF35E}.Release|Mixed Platforms.ActiveCfg = Release|Any CPU
		{E9B1C3DF-0B3C-401F-9C4F-CA65604CF35E}.Release|Mixed Platforms.Build.0 = Release|Any CPU
		{E9B1C3DF-0B3C-401F-9C4F-CA65604CF35E}.Release|x86.ActiveCfg = Release|Any CPU
		{E9B1C3DF-0B3C-401F-9C4F-CA65604CF35E}.Release|x86.Build.0 = Release|Any CPU
	EndGlobalSection
	GlobalSection(SolutionProperties) = preSolution
		HideSolutionNode = FALSE
	EndGlobalSection
	GlobalSection(NestedProjects) = preSolution
		{C90E299C-58D3-4AFA-90B8-CB39AA4A1E99} = {3E6DC3D5-3152-415C-B25B-FDF79EF45A7C}
		{168911C2-86D0-4E12-A675-7A035BAB9DD0} = {3E6DC3D5-3152-415C-B25B-FDF79EF45A7C}
		{BA3AC605-745E-4DE4-A1BD-08F6D63757DB} = {3E6DC3D5-3152-415C-B25B-FDF79EF45A7C}
		{23F1A8BC-856A-4F67-AE6B-1A79230C5C3C} = {3E6DC3D5-3152-415C-B25B-FDF79EF45A7C}
		{9CA6FD3E-67B3-456B-B6F5-38C04E18259F} = {3E6DC3D5-3152-415C-B25B-FDF79EF45A7C}
		{327A7FEB-AEFE-47D9-AA0F-C08835E26A3A} = {3E6DC3D5-3152-415C-B25B-FDF79EF45A7C}
		{ABE6051B-56D8-4867-84DF-43B6AD04A562} = {3E6DC3D5-3152-415C-B25B-FDF79EF45A7C}
		{9C923D92-4963-44FE-B75B-0A8AAAB9B689} = {3E6DC3D5-3152-415C-B25B-FDF79EF45A7C}
		{47D979DB-08A8-4C44-B21F-4B738E8334A2} = {3E6DC3D5-3152-415C-B25B-FDF79EF45A7C}
		{097883D7-6C3E-4944-B2D8-A9CC8A9356F4} = {3E6DC3D5-3152-415C-B25B-FDF79EF45A7C}
		{23007AF3-C9E3-48EB-836F-F2B91170DCA4} = {3E6DC3D5-3152-415C-B25B-FDF79EF45A7C}
		{AA61E157-F4E8-4915-853E-AC9B0DB022D2} = {3E6DC3D5-3152-415C-B25B-FDF79EF45A7C}
		{A3270450-D893-4707-AF45-2A9EF6E45684} = {3E6DC3D5-3152-415C-B25B-FDF79EF45A7C}
		{0BDDA366-D734-40DB-90A8-FDC0EC52B20F} = {3E6DC3D5-3152-415C-B25B-FDF79EF45A7C}
		{C0BA5DB3-1E1D-4F1F-B09D-6790CAEEA4DC} = {3E6DC3D5-3152-415C-B25B-FDF79EF45A7C}
		{90B74F54-3533-4AA7-A520-DD058B3B6D76} = {3E6DC3D5-3152-415C-B25B-FDF79EF45A7C}
		{E68C6573-8F75-45C3-B9B5-0BCFA2B94A32} = {3E6DC3D5-3152-415C-B25B-FDF79EF45A7C}
		{E9B1C3DF-0B3C-401F-9C4F-CA65604CF35E} = {3E6DC3D5-3152-415C-B25B-FDF79EF45A7C}
	EndGlobalSection
	GlobalSection(ExtensibilityGlobals) = postSolution
		EnterpriseLibraryConfigurationToolBinariesPath = packages\Unity.2.1.505.0\lib\NET35;packages\Unity.2.1.505.2\lib\NET35
	EndGlobalSection
EndGlobal
