
Microsoft Visual Studio Solution File, Format Version 12.00
# Visual Studio 15
VisualStudioVersion = 15.0.27130.2010
MinimumVisualStudioVersion = 10.0.40219.1
Project("{FAE04EC0-301F-11D3-BF4B-00C04F79EFBC}") = "MvcForum.Web", "MVCForum.Website\MvcForum.Web.csproj", "{C149AEDE-0F7A-46A5-B9D4-95ED7B775DE2}"
EndProject
Project("{FAE04EC0-301F-11D3-BF4B-00C04F79EFBC}") = "MvcForum.Core", "MVCForum.Core\MvcForum.Core.csproj", "{20AD3D3C-153E-47AC-BA9C-3E4DB876990E}"
EndProject
Project("{2150E333-8FDC-42A3-9474-1A3956D46DE8}") = ".nuget", ".nuget", "{162E9BD7-CEAF-4FB7-B72F-CC254626D1FC}"
	ProjectSection(SolutionItems) = preProject
		.nuget\NuGet.Config = .nuget\NuGet.Config
		.nuget\NuGet.exe = .nuget\NuGet.exe
		.nuget\NuGet.targets = .nuget\NuGet.targets
	EndProjectSection
EndProject
Project("{2150E333-8FDC-42A3-9474-1A3956D46DE8}") = "Docs", "Docs", "{A1510FC4-74FA-4673-B04F-4BBABE8D7151}"
	ProjectSection(SolutionItems) = preProject
		readme.md = readme.md
	EndProjectSection
EndProject
Project("{FAE04EC0-301F-11D3-BF4B-00C04F79EFBC}") = "MVCForumAutomation", "MVCForumAutomation\MVCForumAutomation.csproj", "{ED4F1D0A-A148-4FB4-891A-EB7B6FC54575}"
EndProject
Project("{FAE04EC0-301F-11D3-BF4B-00C04F79EFBC}") = "MvcForum.Plugins", "MvcForum.Plugins\MvcForum.Plugins.csproj", "{

-187F-45E1-BD15-036D7800A7BA}"
	ProjectSection(ProjectDependencies) = postProject
		{20AD3D3C-153E-47AC-BA9C-3E4DB876990E} = {20AD3D3C-153E-47AC-BA9C-3E4DB876990E}
	EndProjectSection
EndProject
Global
	GlobalSection(SolutionConfigurationPlatforms) = preSolution
		Debug|Any CPU = Debug|Any CPU
		Debug|Mixed Platforms = Debug|Mixed Platforms
		Debug|x86 = Debug|x86
		Release|Any CPU = Release|Any CPU
		Release|Mixed Platforms = Release|Mixed Platforms
		Release|x86 = Release|x86
	EndGlobalSection
	GlobalSection(ProjectConfigurationPlatforms) = postSolution
		{C149AEDE-0F7A-46A5-B9D4-95ED7B775DE2}.Debug|Any CPU.ActiveCfg = Debug|Any CPU
		{C149AEDE-0F7A-46A5-B9D4-95ED7B775DE2}.Debug|Any CPU.Build.0 = Debug|Any CPU
		{C149AEDE-0F7A-46A5-B9D4-95ED7B775DE2}.Debug|Mixed Platforms.ActiveCfg = Debug|Any CPU
		{C149AEDE-0F7A-46A5-B9D4-95ED7B775DE2}.Debug|Mixed Platforms.Build.0 = Debug|Any CPU
		{C149AEDE-0F7A-46A5-B9D4-95ED7B775DE2}.Debug|x86.ActiveCfg = Debug|Any CPU
		{C149AEDE-0F7A-46A5-B9D4-95ED7B775DE2}.Release|Any CPU.ActiveCfg = Release|Any CPU
		{C149AEDE-0F7A-46A5-B9D4-95ED7B775DE2}.Release|Any CPU.Build.0 = Release|Any CPU
		{C149AEDE-0F7A-46A5-B9D4-95ED7B775DE2}.Release|Mixed Platforms.ActiveCfg = Release|Any CPU
		{C149AEDE-0F7A-46A5-B9D4-95ED7B775DE2}.Release|Mixed Platforms.Build.0 = Release|Any CPU
		{C149AEDE-0F7A-46A5-B9D4-95ED7B775DE2}.Release|x86.ActiveCfg = Release|Any CPU
		{20AD3D3C-153E-47AC-BA9C-3E4DB876990E}.Debug|Any CPU.ActiveCfg = Debug|Any CPU
		{20AD3D3C-153E-47AC-BA9C-3E4DB876990E}.Debug|Any CPU.Build.0 = Debug|Any CPU
		{20AD3D3C-153E-47AC-BA9C-3E4DB876990E}.Debug|Mixed Platforms.ActiveCfg = Debug|Any CPU
		{20AD3D3C-153E-47AC-BA9C-3E4DB876990E}.Debug|Mixed Platforms.Build.0 = Debug|Any CPU
		{20AD3D3C-153E-47AC-BA9C-3E4DB876990E}.Debug|x86.ActiveCfg = Debug|Any CPU
		{20AD3D3C-153E-47AC-BA9C-3E4DB876990E}.Release|Any CPU.ActiveCfg = Release|Any CPU
		{20AD3D3C-153E-47AC-BA9C-3E4DB876990E}.Release|Any CPU.Build.0 = Release|Any CPU
		{20AD3D3C-153E-47AC-BA9C-3E4DB876990E}.Release|Mixed Platforms.ActiveCfg = Release|Any CPU
		{20AD3D3C-153E-47AC-BA9C-3E4DB876990E}.Release|Mixed Platforms.Build.0 = Release|Any CPU
		{20AD3D3C-153E-47AC-BA9C-3E4DB876990E}.Release|x86.ActiveCfg = Release|Any CPU
		{C90E299C-58D3-4AFA-90B8-CB39AA4A1E99}.Debug|Any CPU.ActiveCfg = Debug|Any CPU
		{C90E299C-58D3-4AFA-90B8-CB39AA4A1E99}.Debug|Any CPU.Build.0 = Debug|Any CPU
		{C90E299C-58D3-4AFA-90B8-CB39AA4A1E99}.Debug|Mixed Platforms.ActiveCfg = Debug|Any CPU
		{C90E299C-58D3-4AFA-90B8-CB39AA4A1E99}.Debug|Mixed Platforms.Build.0 = Debug|Any CPU
		{C90E299C-58D3-4AFA-90B8-CB39AA4A1E99}.Debug|x86.ActiveCfg = Debug|Any CPU
		{C90E299C-58D3-4AFA-90B8-CB39AA4A1E99}.Release|Any CPU.ActiveCfg = Release|Any CPU
		{C90E299C-58D3-4AFA-90B8-CB39AA4A1E99}.Release|Any CPU.Build.0 = Release|Any CPU
		{C90E299C-58D3-4AFA-90B8-CB39AA4A1E99}.Release|Mixed Platforms.ActiveCfg = Release|Any CPU
		{C90E299C-58D3-4AFA-90B8-CB39AA4A1E99}.Release|Mixed Platforms.Build.0 = Release|Any CPU
		{C90E299C-58D3-4AFA-90B8-CB39AA4A1E99}.Release|x86.ActiveCfg = Release|Any CPU
		{83F9F278-D2BE-479A-A398-B36779BE3348}.Debug|Any CPU.ActiveCfg = Debug|Any CPU
		{83F9F278-D2BE-479A-A398-B36779BE3348}.Debug|Any CPU.Build.0 = Debug|Any CPU
		{83F9F278-D2BE-479A-A398-B36779BE3348}.Debug|Mixed Platforms.ActiveCfg = Debug|Any CPU
		{83F9F278-D2BE-479A-A398-B36779BE3348}.Debug|Mixed Platforms.Build.0 = Debug|Any CPU
		{83F9F278-D2BE-479A-A398-B36779BE3348}.Debug|x86.ActiveCfg = Debug|Any CPU
		{83F9F278-D2BE-479A-A398-B36779BE3348}.Release|Any CPU.ActiveCfg = Release|Any CPU
		{83F9F278-D2BE-479A-A398-B36779BE3348}.Release|Any CPU.Build.0 = Release|Any CPU
		{83F9F278-D2BE-479A-A398-B36779BE3348}.Release|Mixed Platforms.ActiveCfg = Release|Any CPU
		{83F9F278-D2BE-479A-A398-B36779BE3348}.Release|Mixed Platforms.Build.0 = Release|Any CPU
		{83F9F278-D2BE-479A-A398-B36779BE3348}.Release|x86.ActiveCfg = Release|Any CPU
		{7DFF8353-E247-4840-A9A5-9E81114276B5}.Debug|Any CPU.ActiveCfg = Debug|Any CPU
		{7DFF8353-E247-4840-A9A5-9E81114276B5}.Debug|Any CPU.Build.0 = Debug|Any CPU
		{7DFF8353-E247-4840-A9A5-9E81114276B5}.Debug|Mixed Platforms.ActiveCfg = Debug|Any CPU
		{7DFF8353-E247-4840-A9A5-9E81114276B5}.Debug|Mixed Platforms.Build.0 = Debug|Any CPU
		{7DFF8353-E247-4840-A9A5-9E81114276B5}.Debug|x86.ActiveCfg = Debug|Any CPU
		{7DFF8353-E247-4840-A9A5-9E81114276B5}.Release|Any CPU.ActiveCfg = Release|Any CPU
		{7DFF8353-E247-4840-A9A5-9E81114276B5}.Release|Any CPU.Build.0 = Release|Any CPU
		{7DFF8353-E247-4840-A9A5-9E81114276B5}.Release|Mixed Platforms.ActiveCfg = Release|Any CPU
		{7DFF8353-E247-4840-A9A5-9E81114276B5}.Release|Mixed Platforms.Build.0 = Release|Any CPU
		{7DFF8353-E247-4840-A9A5-9E81114276B5}.Release|x86.ActiveCfg = Release|Any CPU
		{168911C2-86D0-4E12-A675-7A035BAB9DD0}.Debug|Any CPU.ActiveCfg = Debug|Any CPU
		{168911C2-86D0-4E12-A675-7A035BAB9DD0}.Debug|Any CPU.Build.0 = Debug|Any CPU
		{168911C2-86D0-4E12-A675-7A035BAB9DD0}.Debug|Mixed Platforms.ActiveCfg = Debug|Any CPU
		{168911C2-86D0-4E12-A675-7A035BAB9DD0}.Debug|Mixed Platforms.Build.0 = Debug|Any CPU
		{168911C2-86D0-4E12-A675-7A035BAB9DD0}.Debug|x86.ActiveCfg = Debug|Any CPU
		{168911C2-86D0-4E12-A675-7A035BAB9DD0}.Release|Any CPU.ActiveCfg = Release|Any CPU
		{168911C2-86D0-4E12-A675-7A035BAB9DD0}.Release|Any CPU.Build.0 = Release|Any CPU
		{168911C2-86D0-4E12-A675-7A035BAB9DD0}.Release|Mixed Platforms.ActiveCfg = Release|Any CPU
		{168911C2-86D0-4E12-A675-7A035BAB9DD0}.Release|Mixed Platforms.Build.0 = Release|Any CPU
		{168911C2-86D0-4E12-A675-7A035BAB9DD0}.Release|x86.ActiveCfg = Release|Any CPU
		{A891FF9C-83AE-40DB-9FEC-552C209F953B}.Debug|Any CPU.ActiveCfg = Debug|Any CPU
		{A891FF9C-83AE-40DB-9FEC-552C209F953B}.Debug|Any CPU.Build.0 = Debug|Any CPU
		{A891FF9C-83AE-40DB-9FEC-552C209F953B}.Debug|Mixed Platforms.ActiveCfg = Debug|Any CPU
		{A891FF9C-83AE-40DB-9FEC-552C209F953B}.Debug|Mixed Platforms.Build.0 = Debug|Any CPU
		{A891FF9C-83AE-40DB-9FEC-552C209F953B}.Debug|x86.ActiveCfg = Debug|Any CPU
		{A891FF9C-83AE-40DB-9FEC-552C209F953B}.Release|Any CPU.ActiveCfg = Release|Any CPU
		{A891FF9C-83AE-40DB-9FEC-552C209F953B}.Release|Any CPU.Build.0 = Release|Any CPU
		{A891FF9C-83AE-40DB-9FEC-552C209F953B}.Release|Mixed Platforms.ActiveCfg = Release|Any CPU
		{A891FF9C-83AE-40DB-9FEC-552C209F953B}.Release|Mixed Platforms.Build.0 = Release|Any CPU
		{A891FF9C-83AE-40DB-9FEC-552C209F953B}.Release|x86.ActiveCfg = Release|Any CPU
		{BA3AC605-745E-4DE4-A1BD-08F6D63757DB}.Debug|Any CPU.ActiveCfg = Debug|Any CPU
		{BA3AC605-745E-4DE4-A1BD-08F6D63757DB}.Debug|Any CPU.Build.0 = Debug|Any CPU
		{BA3AC605-745E-4DE4-A1BD-08F6D63757DB}.Debug|Mixed Platforms.ActiveCfg = Debug|Any CPU
		{BA3AC605-745E-4DE4-A1BD-08F6D63757DB}.Debug|Mixed Platforms.Build.0 = Debug|Any CPU
		{BA3AC605-745E-4DE4-A1BD-08F6D63757DB}.Debug|x86.ActiveCfg = Debug|Any CPU
		{BA3AC605-745E-4DE4-A1BD-08F6D63757DB}.Release|Any CPU.ActiveCfg = Release|Any CPU
		{BA3AC605-745E-4DE4-A1BD-08F6D63757DB}.Release|Any CPU.Build.0 = Release|Any CPU
		{BA3AC605-745E-4DE4-A1BD-08F6D63757DB}.Release|Mixed Platforms.ActiveCfg = Release|Any CPU
		{BA3AC605-745E-4DE4-A1BD-08F6D63757DB}.Release|Mixed Platforms.Build.0 = Release|Any CPU
		{BA3AC605-745E-4DE4-A1BD-08F6D63757DB}.Release|x86.ActiveCfg = Release|Any CPU
		{23F1A8BC-856A-4F67-AE6B-1A79230C5C3C}.Debug|Any CPU.ActiveCfg = Debug|Any CPU
		{23F1A8BC-856A-4F67-AE6B-1A79230C5C3C}.Debug|Any CPU.Build.0 = Debug|Any CPU
		{23F1A8BC-856A-4F67-AE6B-1A79230C5C3C}.Debug|Mixed Platforms.ActiveCfg = Debug|Any CPU
		{23F1A8BC-856A-4F67-AE6B-1A79230C5C3C}.Debug|Mixed Platforms.Build.0 = Debug|Any CPU
		{23F1A8BC-856A-4F67-AE6B-1A79230C5C3C}.Debug|x86.ActiveCfg = Debug|Any CPU
		{23F1A8BC-856A-4F67-AE6B-1A79230C5C3C}.Release|Any CPU.ActiveCfg = Release|Any CPU
		{23F1A8BC-856A-4F67-AE6B-1A79230C5C3C}.Release|Any CPU.Build.0 = Release|Any CPU
		{23F1A8BC-856A-4F67-AE6B-1A79230C5C3C}.Release|Mixed Platforms.ActiveCfg = Release|Any CPU
		{23F1A8BC-856A-4F67-AE6B-1A79230C5C3C}.Release|Mixed Platforms.Build.0 = Release|Any CPU
		{23F1A8BC-856A-4F67-AE6B-1A79230C5C3C}.Release|x86.ActiveCfg = Release|Any CPU
		{9CA6FD3E-67B3-456B-B6F5-38C04E18259F}.Debug|Any CPU.ActiveCfg = Debug|Any CPU
		{9CA6FD3E-67B3-456B-B6F5-38C04E18259F}.Debug|Any CPU.Build.0 = Debug|Any CPU
		{9CA6FD3E-67B3-456B-B6F5-38C04E18259F}.Debug|Mixed Platforms.ActiveCfg = Debug|Any CPU
		{9CA6FD3E-67B3-456B-B6F5-38C04E18259F}.Debug|Mixed Platforms.Build.0 = Debug|Any CPU
		{9CA6FD3E-67B3-456B-B6F5-38C04E18259F}.Debug|x86.ActiveCfg = Debug|Any CPU
		{9CA6FD3E-67B3-456B-B6F5-38C04E18259F}.Release|Any CPU.ActiveCfg = Release|Any CPU
		{9CA6FD3E-67B3-456B-B6F5-38C04E18259F}.Release|Any CPU.Build.0 = Release|Any CPU
		{9CA6FD3E-67B3-456B-B6F5-38C04E18259F}.Release|Mixed Platforms.ActiveCfg = Release|Any CPU
		{9CA6FD3E-67B3-456B-B6F5-38C04E18259F}.Release|Mixed Platforms.Build.0 = Release|Any CPU
		{9CA6FD3E-67B3-456B-B6F5-38C04E18259F}.Release|x86.ActiveCfg = Release|Any CPU
		{327A7FEB-AEFE-47D9-AA0F-C08835E26A3A}.Debug|Any CPU.ActiveCfg = Debug|Any CPU
		{327A7FEB-AEFE-47D9-AA0F-C08835E26A3A}.Debug|Any CPU.Build.0 = Debug|Any CPU
		{327A7FEB-AEFE-47D9-AA0F-C08835E26A3A}.Debug|Mixed Platforms.ActiveCfg = Debug|Any CPU
		{327A7FEB-AEFE-47D9-AA0F-C08835E26A3A}.Debug|Mixed Platforms.Build.0 = Debug|Any CPU
		{327A7FEB-AEFE-47D9-AA0F-C08835E26A3A}.Debug|x86.ActiveCfg = Debug|Any CPU
		{327A7FEB-AEFE-47D9-AA0F-C08835E26A3A}.Release|Any CPU.ActiveCfg = Release|Any CPU
		{327A7FEB-AEFE-47D9-AA0F-C08835E26A3A}.Release|Any CPU.Build.0 = Release|Any CPU
		{327A7FEB-AEFE-47D9-AA0F-C08835E26A3A}.Release|Mixed Platforms.ActiveCfg = Release|Any CPU
		{327A7FEB-AEFE-47D9-AA0F-C08835E26A3A}.Release|Mixed Platforms.Build.0 = Release|Any CPU
		{327A7FEB-AEFE-47D9-AA0F-C08835E26A3A}.Release|x86.ActiveCfg = Release|Any CPU
		{330A777B-FE88-4CF5-9583-6693547A8F1C}.Debug|Any CPU.ActiveCfg = Debug|Any CPU
		{330A777B-FE88-4CF5-9583-6693547A8F1C}.Debug|Any CPU.Build.0 = Debug|Any CPU
		{330A777B-FE88-4CF5-9583-6693547A8F1C}.Debug|Mixed Platforms.ActiveCfg = Debug|Any CPU
		{330A777B-FE88-4CF5-9583-6693547A8F1C}.Debug|Mixed Platforms.Build.0 = Debug|Any CPU
		{330A777B-FE88-4CF5-9583-6693547A8F1C}.Debug|x86.ActiveCfg = Debug|Any CPU
		{330A777B-FE88-4CF5-9583-6693547A8F1C}.Release|Any CPU.ActiveCfg = Release|Any CPU
		{330A777B-FE88-4CF5-9583-6693547A8F1C}.Release|Any CPU.Build.0 = Release|Any CPU
		{330A777B-FE88-4CF5-9583-6693547A8F1C}.Release|Mixed Platforms.ActiveCfg = Release|Any CPU
		{330A777B-FE88-4CF5-9583-6693547A8F1C}.Release|Mixed Platforms.Build.0 = Release|Any CPU
		{330A777B-FE88-4CF5-9583-6693547A8F1C}.Release|x86.ActiveCfg = Release|Any CPU
		{ABE6051B-56D8-4867-84DF-43B6AD04A562}.Debug|Any CPU.ActiveCfg = Debug|Any CPU
		{ABE6051B-56D8-4867-84DF-43B6AD04A562}.Debug|Any CPU.Build.0 = Debug|Any CPU
		{ABE6051B-56D8-4867-84DF-43B6AD04A562}.Debug|Mixed Platforms.ActiveCfg = Debug|Any CPU
		{ABE6051B-56D8-4867-84DF-43B6AD04A562}.Debug|Mixed Platforms.Build.0 = Debug|Any CPU
		{ABE6051B-56D8-4867-84DF-43B6AD04A562}.Debug|x86.ActiveCfg = Debug|Any CPU
		{ABE6051B-56D8-4867-84DF-43B6AD04A562}.Release|Any CPU.ActiveCfg = Release|Any CPU
		{ABE6051B-56D8-4867-84DF-43B6AD04A562}.Release|Any CPU.Build.0 = Release|Any CPU
		{ABE6051B-56D8-4867-84DF-43B6AD04A562}.Release|Mixed Platforms.ActiveCfg = Release|Any CPU
		{ABE6051B-56D8-4867-84DF-43B6AD04A562}.Release|Mixed Platforms.Build.0 = Release|Any CPU
		{ABE6051B-56D8-4867-84DF-43B6AD04A562}.Release|x86.ActiveCfg = Release|Any CPU
		{9C923D92-4963-44FE-B75B-0A8AAAB9B689}.Debug|Any CPU.ActiveCfg = Debug|Any CPU
		{9C923D92-4963-44FE-B75B-0A8AAAB9B689}.Debug|Any CPU.Build.0 = Debug|Any CPU
		{9C923D92-4963-44FE-B75B-0A8AAAB9B689}.Debug|Mixed Platforms.ActiveCfg = Debug|Any CPU
		{9C923D92-4963-44FE-B75B-0A8AAAB9B689}.Debug|Mixed Platforms.Build.0 = Debug|Any CPU
		{9C923D92-4963-44FE-B75B-0A8AAAB9B689}.Debug|x86.ActiveCfg = Debug|Any CPU
		{9C923D92-4963-44FE-B75B-0A8AAAB9B689}.Release|Any CPU.ActiveCfg = Release|Any CPU
		{9C923D92-4963-44FE-B75B-0A8AAAB9B689}.Release|Any CPU.Build.0 = Release|Any CPU
		{9C923D92-4963-44FE-B75B-0A8AAAB9B689}.Release|Mixed Platforms.ActiveCfg = Release|Any CPU
		{9C923D92-4963-44FE-B75B-0A8AAAB9B689}.Release|Mixed Platforms.Build.0 = Release|Any CPU
		{9C923D92-4963-44FE-B75B-0A8AAAB9B689}.Release|x86.ActiveCfg = Release|Any CPU
		{47D979DB-08A8-4C44-B21F-4B738E8334A2}.Debug|Any CPU.ActiveCfg = Debug|Any CPU
		{47D979DB-08A8-4C44-B21F-4B738E8334A2}.Debug|Any CPU.Build.0 = Debug|Any CPU
		{47D979DB-08A8-4C44-B21F-4B738E8334A2}.Debug|Mixed Platforms.ActiveCfg = Debug|Any CPU
		{47D979DB-08A8-4C44-B21F-4B738E8334A2}.Debug|Mixed Platforms.Build.0 = Debug|Any CPU
		{47D979DB-08A8-4C44-B21F-4B738E8334A2}.Debug|x86.ActiveCfg = Debug|Any CPU
		{47D979DB-08A8-4C44-B21F-4B738E8334A2}.Release|Any CPU.ActiveCfg = Release|Any CPU
		{47D979DB-08A8-4C44-B21F-4B738E8334A2}.Release|Any CPU.Build.0 = Release|Any CPU
		{47D979DB-08A8-4C44-B21F-4B738E8334A2}.Release|Mixed Platforms.ActiveCfg = Release|Any CPU
		{47D979DB-08A8-4C44-B21F-4B738E8334A2}.Release|Mixed Platforms.Build.0 = Release|Any CPU
		{47D979DB-08A8-4C44-B21F-4B738E8334A2}.Release|x86.ActiveCfg = Release|Any CPU
		{097883D7-6C3E-4944-B2D8-A9CC8A9356F4}.Debug|Any CPU.ActiveCfg = Debug|Any CPU
		{097883D7-6C3E-4944-B2D8-A9CC8A9356F4}.Debug|Any CPU.Build.0 = Debug|Any CPU
		{097883D7-6C3E-4944-B2D8-A9CC8A9356F4}.Debug|Mixed Platforms.ActiveCfg = Debug|Any CPU
		{097883D7-6C3E-4944-B2D8-A9CC8A9356F4}.Debug|Mixed Platforms.Build.0 = Debug|Any CPU
		{097883D7-6C3E-4944-B2D8-A9CC8A9356F4}.Debug|x86.ActiveCfg = Debug|Any CPU
		{097883D7-6C3E-4944-B2D8-A9CC8A9356F4}.Release|Any CPU.ActiveCfg = Release|Any CPU
		{097883D7-6C3E-4944-B2D8-A9CC8A9356F4}.Release|Any CPU.Build.0 = Release|Any CPU
		{097883D7-6C3E-4944-B2D8-A9CC8A9356F4}.Release|Mixed Platforms.ActiveCfg = Release|Any CPU
		{097883D7-6C3E-4944-B2D8-A9CC8A9356F4}.Release|Mixed Platforms.Build.0 = Release|Any CPU
		{097883D7-6C3E-4944-B2D8-A9CC8A9356F4}.Release|x86.ActiveCfg = Release|Any CPU
		{ED4F1D0A-A148-4FB4-891A-EB7B6FC54575}.Debug|Any CPU.ActiveCfg = Debug|Any CPU
		{ED4F1D0A-A148-4FB4-891A-EB7B6FC54575}.Debug|Any CPU.Build.0 = Debug|Any CPU
		{ED4F1D0A-A148-4FB4-891A-EB7B6FC54575}.Debug|Mixed Platforms.ActiveCfg = Debug|Any CPU
		{ED4F1D0A-A148-4FB4-891A-EB7B6FC54575}.Debug|Mixed Platforms.Build.0 = Debug|Any CPU
		{ED4F1D0A-A148-4FB4-891A-EB7B6FC54575}.Debug|x86.ActiveCfg = Debug|Any CPU
		{ED4F1D0A-A148-4FB4-891A-EB7B6FC54575}.Debug|x86.Build.0 = Debug|Any CPU
		{ED4F1D0A-A148-4FB4-891A-EB7B6FC54575}.Release|Any CPU.ActiveCfg = Release|Any CPU
		{ED4F1D0A-A148-4FB4-891A-EB7B6FC54575}.Release|Any CPU.Build.0 = Release|Any CPU
		{ED4F1D0A-A148-4FB4-891A-EB7B6FC54575}.Release|Mixed Platforms.ActiveCfg = Release|Any CPU
		{ED4F1D0A-A148-4FB4-891A-EB7B6FC54575}.Release|Mixed Platforms.Build.0 = Release|Any CPU
		{ED4F1D0A-A148-4FB4-891A-EB7B6FC54575}.Release|x86.ActiveCfg = Release|Any CPU
		{ED4F1D0A-A148-4FB4-891A-EB7B6FC54575}.Release|x86.Build.0 = Release|Any CPU
		{BB39EE58-187F-45E1-BD15-036D7800A7BA}.Debug|Any CPU.ActiveCfg = Debug|Any CPU
		{BB39EE58-187F-45E1-BD15-036D7800A7BA}.Debug|Any CPU.Build.0 = Debug|Any CPU
		{BB39EE58-187F-45E1-BD15-036D7800A7BA}.Debug|Mixed Platforms.ActiveCfg = Debug|Any CPU
		{BB39EE58-187F-45E1-BD15-036D7800A7BA}.Debug|Mixed Platforms.Build.0 = Debug|Any CPU
		{BB39EE58-187F-45E1-BD15-036D7800A7BA}.Debug|x86.ActiveCfg = Debug|Any CPU
		{BB39EE58-187F-45E1-BD15-036D7800A7BA}.Debug|x86.Build.0 = Debug|Any CPU
		{BB39EE58-187F-45E1-BD15-036D7800A7BA}.Release|Any CPU.ActiveCfg = Release|Any CPU
		{BB39EE58-187F-45E1-BD15-036D7800A7BA}.Release|Any CPU.Build.0 = Release|Any CPU
		{BB39EE58-187F-45E1-BD15-036D7800A7BA}.Release|Mixed Platforms.ActiveCfg = Release|Any CPU
		{BB39EE58-187F-45E1-BD15-036D7800A7BA}.Release|Mixed Platforms.Build.0 = Release|Any CPU
		{BB39EE58-187F-45E1-BD15-036D7800A7BA}.Release|x86.ActiveCfg = Release|Any CPU
		{BB39EE58-187F-45E1-BD15-036D7800A7BA}.Release|x86.Build.0 = Release|Any CPU
	EndGlobalSection
	GlobalSection(SolutionProperties) = preSolution
		HideSolutionNode = FALSE
	EndGlobalSection
	GlobalSection(ExtensibilityGlobals) = postSolution
		SolutionGuid = {386E92E1-7469-431E-8719-37DD8501EF25}
		EnterpriseLibraryConfigurationToolBinariesPath = packages\Unity.2.1.505.0\lib\NET35;packages\Unity.2.1.505.2\lib\NET35
	EndGlobalSection
EndGlobal
